
Microsoft Visual Studio Solution File, Format Version 12.00
# Visual Studio Version 17
VisualStudioVersion = 17.11.35327.3
MinimumVisualStudioVersion = 10.0.40219.1
Project("{9A19103F-16F7-4668-BE54-9A1E7A4F7556}") = "UrlShortenerAPI", "UrlShortenerAPI.csproj", "{B75B0F9B-8C7E-47D3-8FA2-F48556C159B3}"
EndProject
Project("{54A90642-561A-4BB1-A94E-469ADEE60C69}") = "client", "client\client.esproj", "{51C7C880-6EC3-48EA-801E-226798D8906C}"
EndProject
Global
	GlobalSection(SolutionConfigurationPlatforms) = preSolution
		Debug|Any CPU = Debug|Any CPU
		Release|Any CPU = Release|Any CPU
	EndGlobalSection
	GlobalSection(ProjectConfigurationPlatforms) = postSolution
		{B75B0F9B-8C7E-47D3-8FA2-F48556C159B3}.Debug|Any CPU.ActiveCfg = Debug|Any CPU
		{B75B0F9B-8C7E-47D3-8FA2-F48556C159B3}.Debug|Any CPU.Build.0 = Debug|Any CPU
		{B75B0F9B-8C7E-47D3-8FA2-F48556C159B3}.Release|Any CPU.ActiveCfg = Release|Any CPU
		{B75B0F9B-8C7E-47D3-8FA2-F48556C159B3}.Release|Any CPU.Build.0 = Release|Any CPU
		{51C7C880-6EC3-48EA-801E-226798D8906C}.Debug|Any CPU.ActiveCfg = Debug|Any CPU
		{51C7C880-6EC3-48EA-801E-226798D8906C}.Debug|Any CPU.Build.0 = Debug|Any CPU
		{51C7C880-6EC3-48EA-801E-226798D8906C}.Debug|Any CPU.Deploy.0 = Debug|Any CPU
		{51C7C880-6EC3-48EA-801E-226798D8906C}.Release|Any CPU.ActiveCfg = Release|Any CPU
		{51C7C880-6EC3-48EA-801E-226798D8906C}.Release|Any CPU.Build.0 = Release|Any CPU
		{51C7C880-6EC3-48EA-801E-226798D8906C}.Release|Any CPU.Deploy.0 = Release|Any CPU
	EndGlobalSection
	GlobalSection(SolutionProperties) = preSolution
		HideSolutionNode = FALSE
	EndGlobalSection
	GlobalSection(ExtensibilityGlobals) = postSolution
		SolutionGuid = {75DA3586-939A-418E-825E-6D4BDB1470B2}
	EndGlobalSection
EndGlobal
